
Microsoft Visual Studio Solution File, Format Version 12.00
# Visual Studio Version 17
VisualStudioVersion = 17.4.33205.214
MinimumVisualStudioVersion = 10.0.40219.1
Project("{FAE04EC0-301F-11D3-BF4B-00C04F79EFBC}") = "Library.Core", "Library.Core\Library.Core.csproj", "{F3EF4215-C042-40A0-A3F4-59B85897DDA4}"
EndProject
Project("{FAE04EC0-301F-11D3-BF4B-00C04F79EFBC}") = "Library.Service", "Library.Service\Library.Service.csproj", "{65261EE2-394C-4D34-8041-F6494988C4B4}"
EndProject
Project("{FAE04EC0-301F-11D3-BF4B-00C04F79EFBC}") = "Library.Repository", "Library.Repository\Library.Repository.csproj", "{1B5C684A-74CF-4717-8490-E8269DFEFD02}"
EndProject
Project("{FAE04EC0-301F-11D3-BF4B-00C04F79EFBC}") = "Library.Web", "Library.Web\Library.Web.csproj", "{AA0B53CE-7E45-4902-A581-AE6E4F72AF8F}"
EndProject
Global
	GlobalSection(SolutionConfigurationPlatforms) = preSolution
		Debug|Any CPU = Debug|Any CPU
		Release|Any CPU = Release|Any CPU
	EndGlobalSection
	GlobalSection(ProjectConfigurationPlatforms) = postSolution
		{F3EF4215-C042-40A0-A3F4-59B85897DDA4}.Debug|Any CPU.ActiveCfg = Debug|Any CPU
		{F3EF4215-C042-40A0-A3F4-59B85897DDA4}.Debug|Any CPU.Build.0 = Debug|Any CPU
		{F3EF4215-C042-40A0-A3F4-59B85897DDA4}.Release|Any CPU.ActiveCfg = Release|Any CPU
		{F3EF4215-C042-40A0-A3F4-59B85897DDA4}.Release|Any CPU.Build.0 = Release|Any CPU
		{65261EE2-394C-4D34-8041-F6494988C4B4}.Debug|Any CPU.ActiveCfg = Debug|Any CPU
		{65261EE2-394C-4D34-8041-F6494988C4B4}.Debug|Any CPU.Build.0 = Debug|Any CPU
		{65261EE2-394C-4D34-8041-F6494988C4B4}.Release|Any CPU.ActiveCfg = Release|Any CPU
		{65261EE2-394C-4D34-8041-F6494988C4B4}.Release|Any CPU.Build.0 = Release|Any CPU
		{1B5C684A-74CF-4717-8490-E8269DFEFD02}.Debug|Any CPU.ActiveCfg = Debug|Any CPU
		{1B5C684A-74CF-4717-8490-E8269DFEFD02}.Debug|Any CPU.Build.0 = Debug|Any CPU
		{1B5C684A-74CF-4717-8490-E8269DFEFD02}.Release|Any CPU.ActiveCfg = Release|Any CPU
		{1B5C684A-74CF-4717-8490-E8269DFEFD02}.Release|Any CPU.Build.0 = Release|Any CPU
		{AA0B53CE-7E45-4902-A581-AE6E4F72AF8F}.Debug|Any CPU.ActiveCfg = Debug|Any CPU
		{AA0B53CE-7E45-4902-A581-AE6E4F72AF8F}.Debug|Any CPU.Build.0 = Debug|Any CPU
		{AA0B53CE-7E45-4902-A581-AE6E4F72AF8F}.Release|Any CPU.ActiveCfg = Release|Any CPU
		{AA0B53CE-7E45-4902-A581-AE6E4F72AF8F}.Release|Any CPU.Build.0 = Release|Any CPU
	EndGlobalSection
	GlobalSection(SolutionProperties) = preSolution
		HideSolutionNode = FALSE
	EndGlobalSection
	GlobalSection(ExtensibilityGlobals) = postSolution
		SolutionGuid = {E54D0A52-92BA-4DC4-9EDA-7C18CAC399C1}
	EndGlobalSection
EndGlobal
